
Microsoft Visual Studio Solution File, Format Version 12.00
# Visual Studio Version 17
VisualStudioVersion = 17.9.34701.34
MinimumVisualStudioVersion = 10.0.40219.1
Project("{FAE04EC0-301F-11D3-BF4B-00C04F79EFBC}") = "AngularApp.Server", "AngularApp.Server\AngularApp.Server.csproj", "{DC260CC4-F36A-428E-B145-620CEF828AD9}"
EndProject
Project("{54A90642-561A-4BB1-A94E-469ADEE60C69}") = "angularapp.client", "angularapp.client\angularapp.client.esproj", "{EC1B4AB9-5A0F-43BE-9E26-7780D7A76C11}"
EndProject
Global
	GlobalSection(SolutionConfigurationPlatforms) = preSolution
		Debug|Any CPU = Debug|Any CPU
		Release|Any CPU = Release|Any CPU
	EndGlobalSection
	GlobalSection(ProjectConfigurationPlatforms) = postSolution
		{DC260CC4-F36A-428E-B145-620CEF828AD9}.Debug|Any CPU.ActiveCfg = Debug|Any CPU
		{DC260CC4-F36A-428E-B145-620CEF828AD9}.Debug|Any CPU.Build.0 = Debug|Any CPU
		{DC260CC4-F36A-428E-B145-620CEF828AD9}.Release|Any CPU.ActiveCfg = Release|Any CPU
		{DC260CC4-F36A-428E-B145-620CEF828AD9}.Release|Any CPU.Build.0 = Release|Any CPU
		{EC1B4AB9-5A0F-43BE-9E26-7780D7A76C11}.Debug|Any CPU.ActiveCfg = Debug|Any CPU
		{EC1B4AB9-5A0F-43BE-9E26-7780D7A76C11}.Debug|Any CPU.Build.0 = Debug|Any CPU
		{EC1B4AB9-5A0F-43BE-9E26-7780D7A76C11}.Debug|Any CPU.Deploy.0 = Debug|Any CPU
		{EC1B4AB9-5A0F-43BE-9E26-7780D7A76C11}.Release|Any CPU.ActiveCfg = Release|Any CPU
		{EC1B4AB9-5A0F-43BE-9E26-7780D7A76C11}.Release|Any CPU.Build.0 = Release|Any CPU
		{EC1B4AB9-5A0F-43BE-9E26-7780D7A76C11}.Release|Any CPU.Deploy.0 = Release|Any CPU
	EndGlobalSection
	GlobalSection(SolutionProperties) = preSolution
		HideSolutionNode = FALSE
	EndGlobalSection
	GlobalSection(ExtensibilityGlobals) = postSolution
		SolutionGuid = {D1488586-6F7D-47AD-A894-72274190D7BA}
	EndGlobalSection
EndGlobal
